
Microsoft Visual Studio Solution File, Format Version 12.00
# Visual Studio Version 16
VisualStudioVersion = 16.0.30907.101
MinimumVisualStudioVersion = 10.0.40219.1
Project("{FAE04EC0-301F-11D3-BF4B-00C04F79EFBC}") = "Space.Client", "Space.Client\Space.Client.csproj", "{15F72D1B-E32D-4AB4-BFBE-8521AD6885D0}"
EndProject
Global
	GlobalSection(SolutionConfigurationPlatforms) = preSolution
		Debug|Any CPU = Debug|Any CPU
		Release|Any CPU = Release|Any CPU
	EndGlobalSection
	GlobalSection(ProjectConfigurationPlatforms) = postSolution
		{15F72D1B-E32D-4AB4-BFBE-8521AD6885D0}.Debug|Any CPU.ActiveCfg = Debug|Any CPU
		{15F72D1B-E32D-4AB4-BFBE-8521AD6885D0}.Debug|Any CPU.Build.0 = Debug|Any CPU
		{15F72D1B-E32D-4AB4-BFBE-8521AD6885D0}.Release|Any CPU.ActiveCfg = Release|Any CPU
		{15F72D1B-E32D-4AB4-BFBE-8521AD6885D0}.Release|Any CPU.Build.0 = Release|Any CPU
	EndGlobalSection
	GlobalSection(SolutionProperties) = preSolution
		HideSolutionNode = FALSE
	EndGlobalSection
	GlobalSection(ExtensibilityGlobals) = postSolution
		SolutionGuid = {2A2C6FBD-D569-43F6-B218-662D8F6CECA3}
	EndGlobalSection
EndGlobal
